{
  "name": "monaco-editor-samples",
  "version": "0.0.1",
  "lockfileVersion": 1,
  "requires": true,
  "dependencies": {
    "monaco-editor": {
      "version": "0.19.3",
      "resolved": "https://registry.npmjs.org/monaco-editor/-/monaco-editor-0.19.3.tgz",
      "integrity": "sha512-2n1vJBVQF2Hhi7+r1mMeYsmlf18hjVb6E0v5SoMZyb4aeOmYPKun+CE3gYpiNA1KEvtSdaDHFBqH9d7Wd9vREg=="
    },
    "yaserver": {
      "version": "0.2.0",
      "resolved": "https://registry.npmjs.org/yaserver/-/yaserver-0.2.0.tgz",
      "integrity": "sha512-onsELrl7Y42M4P3T9R0N/ZJNJRu4cGwzhDyOWIFRMJvPUIrGKInYGh+DJBefrbr1qoyDu7DSCLl9BL5hSSVfDA=="
    }
  }
}
