{
  "name": "monaco-editor-samples",
  "version": "0.0.1",
  "lockfileVersion": 1,
  "requires": true,
  "dependencies": {
    "monaco-editor": {
      "version": "0.17.1",
      "resolved": "https://registry.npmjs.org/monaco-editor/-/monaco-editor-0.17.1.tgz",
      "integrity": "sha512-JAc0mtW7NeO+0SwPRcdkfDbWLgkqL9WfP1NbpP9wNASsW6oWqgZqNIWt4teymGjZIXTElx3dnQmUYHmVrJ7HxA=="
    },
    "yaserver": {
      "version": "0.2.0",
      "resolved": "https://registry.npmjs.org/yaserver/-/yaserver-0.2.0.tgz",
      "integrity": "sha512-onsELrl7Y42M4P3T9R0N/ZJNJRu4cGwzhDyOWIFRMJvPUIrGKInYGh+DJBefrbr1qoyDu7DSCLl9BL5hSSVfDA=="
    }
  }
}
