{
	"name": "browser-esm-vite-react",
	"requires": true,
	"lockfileVersion": 1,
	"dependencies": {
		"@babel/code-frame": {
			"version": "7.16.0",
			"resolved": "https://registry.npmjs.org/@babel/code-frame/-/code-frame-7.16.0.tgz",
			"integrity": "sha512-IF4EOMEV+bfYwOmNxGzSnjR2EmQod7f1UXOpZM3l4i4o4QNwzjtJAu/HxdjHq0aYBvdqMuQEY1eg0nqW9ZPORA==",
			"dev": true,
			"requires": {
				"@babel/highlight": "^7.16.0"
			}
		},
		"@babel/compat-data": {
			"version": "7.16.0",
			"resolved": "https://registry.npmjs.org/@babel/compat-data/-/compat-data-7.16.0.tgz",
			"integrity": "sha512-DGjt2QZse5SGd9nfOSqO4WLJ8NN/oHkijbXbPrxuoJO3oIPJL3TciZs9FX+cOHNiY9E9l0opL8g7BmLe3T+9ew==",
			"dev": true
		},
		"@babel/core": {
			"version": "7.16.0",
			"resolved": "https://registry.npmjs.org/@babel/core/-/core-7.16.0.tgz",
			"integrity": "sha512-mYZEvshBRHGsIAiyH5PzCFTCfbWfoYbO/jcSdXQSUQu1/pW0xDZAUP7KEc32heqWTAfAHhV9j1vH8Sav7l+JNQ==",
			"dev": true,
			"requires": {
				"@babel/code-frame": "^7.16.0",
				"@babel/generator": "^7.16.0",
				"@babel/helper-compilation-targets": "^7.16.0",
				"@babel/helper-module-transforms": "^7.16.0",
				"@babel/helpers": "^7.16.0",
				"@babel/parser": "^7.16.0",
				"@babel/template": "^7.16.0",
				"@babel/traverse": "^7.16.0",
				"@babel/types": "^7.16.0",
				"convert-source-map": "^1.7.0",
				"debug": "^4.1.0",
				"gensync": "^1.0.0-beta.2",
				"json5": "^2.1.2",
				"semver": "^6.3.0",
				"source-map": "^0.5.0"
			}
		},
		"@babel/generator": {
			"version": "7.16.0",
			"resolved": "https://registry.npmjs.org/@babel/generator/-/generator-7.16.0.tgz",
			"integrity": "sha512-RR8hUCfRQn9j9RPKEVXo9LiwoxLPYn6hNZlvUOR8tSnaxlD0p0+la00ZP9/SnRt6HchKr+X0fO2r8vrETiJGew==",
			"dev": true,
			"requires": {
				"@babel/types": "^7.16.0",
				"jsesc": "^2.5.1",
				"source-map": "^0.5.0"
			}
		},
		"@babel/helper-annotate-as-pure": {
			"version": "7.16.0",
			"resolved": "https://registry.npmjs.org/@babel/helper-annotate-as-pure/-/helper-annotate-as-pure-7.16.0.tgz",
			"integrity": "sha512-ItmYF9vR4zA8cByDocY05o0LGUkp1zhbTQOH1NFyl5xXEqlTJQCEJjieriw+aFpxo16swMxUnUiKS7a/r4vtHg==",
			"dev": true,
			"requires": {
				"@babel/types": "^7.16.0"
			}
		},
		"@babel/helper-compilation-targets": {
			"version": "7.16.3",
			"resolved": "https://registry.npmjs.org/@babel/helper-compilation-targets/-/helper-compilation-targets-7.16.3.tgz",
			"integrity": "sha512-vKsoSQAyBmxS35JUOOt+07cLc6Nk/2ljLIHwmq2/NM6hdioUaqEXq/S+nXvbvXbZkNDlWOymPanJGOc4CBjSJA==",
			"dev": true,
			"requires": {
				"@babel/compat-data": "^7.16.0",
				"@babel/helper-validator-option": "^7.14.5",
				"browserslist": "^4.17.5",
				"semver": "^6.3.0"
			}
		},
		"@babel/helper-function-name": {
			"version": "7.16.0",
			"resolved": "https://registry.npmjs.org/@babel/helper-function-name/-/helper-function-name-7.16.0.tgz",
			"integrity": "sha512-BZh4mEk1xi2h4HFjWUXRQX5AEx4rvaZxHgax9gcjdLWdkjsY7MKt5p0otjsg5noXw+pB+clMCjw+aEVYADMjog==",
			"dev": true,
			"requires": {
				"@babel/helper-get-function-arity": "^7.16.0",
				"@babel/template": "^7.16.0",
				"@babel/types": "^7.16.0"
			}
		},
		"@babel/helper-get-function-arity": {
			"version": "7.16.0",
			"resolved": "https://registry.npmjs.org/@babel/helper-get-function-arity/-/helper-get-function-arity-7.16.0.tgz",
			"integrity": "sha512-ASCquNcywC1NkYh/z7Cgp3w31YW8aojjYIlNg4VeJiHkqyP4AzIvr4qx7pYDb4/s8YcsZWqqOSxgkvjUz1kpDQ==",
			"dev": true,
			"requires": {
				"@babel/types": "^7.16.0"
			}
		},
		"@babel/helper-hoist-variables": {
			"version": "7.16.0",
			"resolved": "https://registry.npmjs.org/@babel/helper-hoist-variables/-/helper-hoist-variables-7.16.0.tgz",
			"integrity": "sha512-1AZlpazjUR0EQZQv3sgRNfM9mEVWPK3M6vlalczA+EECcPz3XPh6VplbErL5UoMpChhSck5wAJHthlj1bYpcmg==",
			"dev": true,
			"requires": {
				"@babel/types": "^7.16.0"
			}
		},
		"@babel/helper-member-expression-to-functions": {
			"version": "7.16.0",
			"resolved": "https://registry.npmjs.org/@babel/helper-member-expression-to-functions/-/helper-member-expression-to-functions-7.16.0.tgz",
			"integrity": "sha512-bsjlBFPuWT6IWhl28EdrQ+gTvSvj5tqVP5Xeftp07SEuz5pLnsXZuDkDD3Rfcxy0IsHmbZ+7B2/9SHzxO0T+sQ==",
			"dev": true,
			"requires": {
				"@babel/types": "^7.16.0"
			}
		},
		"@babel/helper-module-imports": {
			"version": "7.16.0",
			"resolved": "https://registry.npmjs.org/@babel/helper-module-imports/-/helper-module-imports-7.16.0.tgz",
			"integrity": "sha512-kkH7sWzKPq0xt3H1n+ghb4xEMP8k0U7XV3kkB+ZGy69kDk2ySFW1qPi06sjKzFY3t1j6XbJSqr4mF9L7CYVyhg==",
			"dev": true,
			"requires": {
				"@babel/types": "^7.16.0"
			}
		},
		"@babel/helper-module-transforms": {
			"version": "7.16.0",
			"resolved": "https://registry.npmjs.org/@babel/helper-module-transforms/-/helper-module-transforms-7.16.0.tgz",
			"integrity": "sha512-My4cr9ATcaBbmaEa8M0dZNA74cfI6gitvUAskgDtAFmAqyFKDSHQo5YstxPbN+lzHl2D9l/YOEFqb2mtUh4gfA==",
			"dev": true,
			"requires": {
				"@babel/helper-module-imports": "^7.16.0",
				"@babel/helper-replace-supers": "^7.16.0",
				"@babel/helper-simple-access": "^7.16.0",
				"@babel/helper-split-export-declaration": "^7.16.0",
				"@babel/helper-validator-identifier": "^7.15.7",
				"@babel/template": "^7.16.0",
				"@babel/traverse": "^7.16.0",
				"@babel/types": "^7.16.0"
			}
		},
		"@babel/helper-optimise-call-expression": {
			"version": "7.16.0",
			"resolved": "https://registry.npmjs.org/@babel/helper-optimise-call-expression/-/helper-optimise-call-expression-7.16.0.tgz",
			"integrity": "sha512-SuI467Gi2V8fkofm2JPnZzB/SUuXoJA5zXe/xzyPP2M04686RzFKFHPK6HDVN6JvWBIEW8tt9hPR7fXdn2Lgpw==",
			"dev": true,
			"requires": {
				"@babel/types": "^7.16.0"
			}
		},
		"@babel/helper-plugin-utils": {
			"version": "7.14.5",
			"resolved": "https://registry.npmjs.org/@babel/helper-plugin-utils/-/helper-plugin-utils-7.14.5.tgz",
			"integrity": "sha512-/37qQCE3K0vvZKwoK4XU/irIJQdIfCJuhU5eKnNxpFDsOkgFaUAwbv+RYw6eYgsC0E4hS7r5KqGULUogqui0fQ==",
			"dev": true
		},
		"@babel/helper-replace-supers": {
			"version": "7.16.0",
			"resolved": "https://registry.npmjs.org/@babel/helper-replace-supers/-/helper-replace-supers-7.16.0.tgz",
			"integrity": "sha512-TQxuQfSCdoha7cpRNJvfaYxxxzmbxXw/+6cS7V02eeDYyhxderSoMVALvwupA54/pZcOTtVeJ0xccp1nGWladA==",
			"dev": true,
			"requires": {
				"@babel/helper-member-expression-to-functions": "^7.16.0",
				"@babel/helper-optimise-call-expression": "^7.16.0",
				"@babel/traverse": "^7.16.0",
				"@babel/types": "^7.16.0"
			}
		},
		"@babel/helper-simple-access": {
			"version": "7.16.0",
			"resolved": "https://registry.npmjs.org/@babel/helper-simple-access/-/helper-simple-access-7.16.0.tgz",
			"integrity": "sha512-o1rjBT/gppAqKsYfUdfHq5Rk03lMQrkPHG1OWzHWpLgVXRH4HnMM9Et9CVdIqwkCQlobnGHEJMsgWP/jE1zUiw==",
			"dev": true,
			"requires": {
				"@babel/types": "^7.16.0"
			}
		},
		"@babel/helper-split-export-declaration": {
			"version": "7.16.0",
			"resolved": "https://registry.npmjs.org/@babel/helper-split-export-declaration/-/helper-split-export-declaration-7.16.0.tgz",
			"integrity": "sha512-0YMMRpuDFNGTHNRiiqJX19GjNXA4H0E8jZ2ibccfSxaCogbm3am5WN/2nQNj0YnQwGWM1J06GOcQ2qnh3+0paw==",
			"dev": true,
			"requires": {
				"@babel/types": "^7.16.0"
			}
		},
		"@babel/helper-validator-identifier": {
			"version": "7.15.7",
			"resolved": "https://registry.npmjs.org/@babel/helper-validator-identifier/-/helper-validator-identifier-7.15.7.tgz",
			"integrity": "sha512-K4JvCtQqad9OY2+yTU8w+E82ywk/fe+ELNlt1G8z3bVGlZfn/hOcQQsUhGhW/N+tb3fxK800wLtKOE/aM0m72w==",
			"dev": true
		},
		"@babel/helper-validator-option": {
			"version": "7.14.5",
			"resolved": "https://registry.npmjs.org/@babel/helper-validator-option/-/helper-validator-option-7.14.5.tgz",
			"integrity": "sha512-OX8D5eeX4XwcroVW45NMvoYaIuFI+GQpA2a8Gi+X/U/cDUIRsV37qQfF905F0htTRCREQIB4KqPeaveRJUl3Ow==",
			"dev": true
		},
		"@babel/helpers": {
			"version": "7.16.3",
			"resolved": "https://registry.npmjs.org/@babel/helpers/-/helpers-7.16.3.tgz",
			"integrity": "sha512-Xn8IhDlBPhvYTvgewPKawhADichOsbkZuzN7qz2BusOM0brChsyXMDJvldWaYMMUNiCQdQzNEioXTp3sC8Nt8w==",
			"dev": true,
			"requires": {
				"@babel/template": "^7.16.0",
				"@babel/traverse": "^7.16.3",
				"@babel/types": "^7.16.0"
			}
		},
		"@babel/highlight": {
			"version": "7.16.0",
			"resolved": "https://registry.npmjs.org/@babel/highlight/-/highlight-7.16.0.tgz",
			"integrity": "sha512-t8MH41kUQylBtu2+4IQA3atqevA2lRgqA2wyVB/YiWmsDSuylZZuXOUy9ric30hfzauEFfdsuk/eXTRrGrfd0g==",
			"dev": true,
			"requires": {
				"@babel/helper-validator-identifier": "^7.15.7",
				"chalk": "^2.0.0",
				"js-tokens": "^4.0.0"
			}
		},
		"@babel/parser": {
			"version": "7.16.3",
			"resolved": "https://registry.npmjs.org/@babel/parser/-/parser-7.16.3.tgz",
			"integrity": "sha512-dcNwU1O4sx57ClvLBVFbEgx0UZWfd0JQX5X6fxFRCLHelFBGXFfSz6Y0FAq2PEwUqlqLkdVjVr4VASEOuUnLJw==",
			"dev": true
		},
		"@babel/plugin-syntax-jsx": {
			"version": "7.16.0",
			"resolved": "https://registry.npmjs.org/@babel/plugin-syntax-jsx/-/plugin-syntax-jsx-7.16.0.tgz",
			"integrity": "sha512-8zv2+xiPHwly31RK4RmnEYY5zziuF3O7W2kIDW+07ewWDh6Oi0dRq8kwvulRkFgt6DB97RlKs5c1y068iPlCUg==",
			"dev": true,
			"requires": {
				"@babel/helper-plugin-utils": "^7.14.5"
			}
		},
		"@babel/plugin-transform-react-jsx": {
			"version": "7.16.0",
			"resolved": "https://registry.npmjs.org/@babel/plugin-transform-react-jsx/-/plugin-transform-react-jsx-7.16.0.tgz",
			"integrity": "sha512-rqDgIbukZ44pqq7NIRPGPGNklshPkvlmvqjdx3OZcGPk4zGIenYkxDTvl3LsSL8gqcc3ZzGmXPE6hR/u/voNOw==",
			"dev": true,
			"requires": {
				"@babel/helper-annotate-as-pure": "^7.16.0",
				"@babel/helper-module-imports": "^7.16.0",
				"@babel/helper-plugin-utils": "^7.14.5",
				"@babel/plugin-syntax-jsx": "^7.16.0",
				"@babel/types": "^7.16.0"
			}
		},
		"@babel/plugin-transform-react-jsx-development": {
			"version": "7.16.0",
			"resolved": "https://registry.npmjs.org/@babel/plugin-transform-react-jsx-development/-/plugin-transform-react-jsx-development-7.16.0.tgz",
			"integrity": "sha512-qq65iSqBRq0Hr3wq57YG2AmW0H6wgTnIzpffTphrUWUgLCOK+zf1f7G0vuOiXrp7dU1qq+fQBoqZ3wCDAkhFzw==",
			"dev": true,
			"requires": {
				"@babel/plugin-transform-react-jsx": "^7.16.0"
			}
		},
		"@babel/plugin-transform-react-jsx-self": {
			"version": "7.16.0",
			"resolved": "https://registry.npmjs.org/@babel/plugin-transform-react-jsx-self/-/plugin-transform-react-jsx-self-7.16.0.tgz",
			"integrity": "sha512-97yCFY+2GvniqOThOSjPor8xUoDiQ0STVWAQMl3pjhJoFVe5DuXDLZCRSZxu9clx+oRCbTiXGgKEG/Yoyo6Y+w==",
			"dev": true,
			"requires": {
				"@babel/helper-plugin-utils": "^7.14.5"
			}
		},
		"@babel/plugin-transform-react-jsx-source": {
			"version": "7.16.0",
			"resolved": "https://registry.npmjs.org/@babel/plugin-transform-react-jsx-source/-/plugin-transform-react-jsx-source-7.16.0.tgz",
			"integrity": "sha512-8yvbGGrHOeb/oyPc9tzNoe9/lmIjz3HLa9Nc5dMGDyNpGjfFrk8D2KdEq9NRkftZzeoQEW6yPQ29TMZtrLiUUA==",
			"dev": true,
			"requires": {
				"@babel/helper-plugin-utils": "^7.14.5"
			}
		},
		"@babel/template": {
			"version": "7.16.0",
			"resolved": "https://registry.npmjs.org/@babel/template/-/template-7.16.0.tgz",
			"integrity": "sha512-MnZdpFD/ZdYhXwiunMqqgyZyucaYsbL0IrjoGjaVhGilz+x8YB++kRfygSOIj1yOtWKPlx7NBp+9I1RQSgsd5A==",
			"dev": true,
			"requires": {
				"@babel/code-frame": "^7.16.0",
				"@babel/parser": "^7.16.0",
				"@babel/types": "^7.16.0"
			}
		},
		"@babel/traverse": {
			"version": "7.16.3",
			"resolved": "https://registry.npmjs.org/@babel/traverse/-/traverse-7.16.3.tgz",
			"integrity": "sha512-eolumr1vVMjqevCpwVO99yN/LoGL0EyHiLO5I043aYQvwOJ9eR5UsZSClHVCzfhBduMAsSzgA/6AyqPjNayJag==",
			"dev": true,
			"requires": {
				"@babel/code-frame": "^7.16.0",
				"@babel/generator": "^7.16.0",
				"@babel/helper-function-name": "^7.16.0",
				"@babel/helper-hoist-variables": "^7.16.0",
				"@babel/helper-split-export-declaration": "^7.16.0",
				"@babel/parser": "^7.16.3",
				"@babel/types": "^7.16.0",
				"debug": "^4.1.0",
				"globals": "^11.1.0"
			}
		},
		"@babel/types": {
			"version": "7.16.0",
			"resolved": "https://registry.npmjs.org/@babel/types/-/types-7.16.0.tgz",
			"integrity": "sha512-PJgg/k3SdLsGb3hhisFvtLOw5ts113klrpLuIPtCJIU+BB24fqq6lf8RWqKJEjzqXR9AEH1rIb5XTqwBHB+kQg==",
			"dev": true,
			"requires": {
				"@babel/helper-validator-identifier": "^7.15.7",
				"to-fast-properties": "^2.0.0"
			}
		},
		"@rollup/pluginutils": {
			"version": "4.1.1",
			"resolved": "https://registry.npmjs.org/@rollup/pluginutils/-/pluginutils-4.1.1.tgz",
			"integrity": "sha512-clDjivHqWGXi7u+0d2r2sBi4Ie6VLEAzWMIkvJLnDmxoOhBYOTfzGbOQBA32THHm11/LiJbd01tJUpJsbshSWQ==",
			"dev": true,
			"requires": {
				"estree-walker": "^2.0.1",
				"picomatch": "^2.2.2"
			}
		},
		"@types/prop-types": {
			"version": "15.7.4",
			"resolved": "https://registry.npmjs.org/@types/prop-types/-/prop-types-15.7.4.tgz",
			"integrity": "sha512-rZ5drC/jWjrArrS8BR6SIr4cWpW09RNTYt9AMZo3Jwwif+iacXAqgVjm0B0Bv/S1jhDXKHqRVNCbACkJ89RAnQ==",
			"dev": true
		},
		"@types/react": {
			"version": "17.0.35",
			"resolved": "https://registry.npmjs.org/@types/react/-/react-17.0.35.tgz",
			"integrity": "sha512-r3C8/TJuri/SLZiiwwxQoLAoavaczARfT9up9b4Jr65+ErAUX3MIkU0oMOQnrpfgHme8zIqZLX7O5nnjm5Wayw==",
			"dev": true,
			"requires": {
				"@types/prop-types": "*",
				"@types/scheduler": "*",
				"csstype": "^3.0.2"
			}
		},
		"@types/react-dom": {
			"version": "17.0.11",
			"resolved": "https://registry.npmjs.org/@types/react-dom/-/react-dom-17.0.11.tgz",
			"integrity": "sha512-f96K3k+24RaLGVu/Y2Ng3e1EbZ8/cVJvypZWd7cy0ofCBaf2lcM46xNhycMZ2xGwbBjRql7hOlZ+e2WlJ5MH3Q==",
			"dev": true,
			"requires": {
				"@types/react": "*"
			}
		},
		"@types/scheduler": {
			"version": "0.16.2",
			"resolved": "https://registry.npmjs.org/@types/scheduler/-/scheduler-0.16.2.tgz",
			"integrity": "sha512-hppQEBDmlwhFAXKJX2KnWLYu5yMfi91yazPb2l+lbJiwW+wdo1gNeRA+3RgNSO39WYX2euey41KEwnqesU2Jew==",
			"dev": true
		},
		"@vitejs/plugin-react": {
			"version": "1.0.9",
			"resolved": "https://registry.npmjs.org/@vitejs/plugin-react/-/plugin-react-1.0.9.tgz",
			"integrity": "sha512-1iTS/c3z4QWj8aXIItp6zFMI08UQEz5+fGvnahSCFOSIfazKDlCTEUUQJP23zoxFjeKOF+M3/WA0ZatcHUVEqg==",
			"dev": true,
			"requires": {
				"@babel/core": "^7.15.5",
				"@babel/plugin-transform-react-jsx": "^7.14.9",
				"@babel/plugin-transform-react-jsx-development": "^7.14.5",
				"@babel/plugin-transform-react-jsx-self": "^7.14.9",
				"@babel/plugin-transform-react-jsx-source": "^7.14.5",
				"@rollup/pluginutils": "^4.1.1",
				"react-refresh": "^0.10.0",
				"resolve": "^1.20.0"
			}
		},
		"ansi-styles": {
			"version": "3.2.1",
			"resolved": "https://registry.npmjs.org/ansi-styles/-/ansi-styles-3.2.1.tgz",
			"integrity": "sha512-VT0ZI6kZRdTh8YyJw3SMbYm/u+NqfsAxEpWO0Pf9sq8/e94WxxOpPKx9FR1FlyCtOVDNOQ+8ntlqFxiRc+r5qA==",
			"dev": true,
			"requires": {
				"color-convert": "^1.9.0"
			}
		},
		"browserslist": {
			"version": "4.18.0",
			"resolved": "https://registry.npmjs.org/browserslist/-/browserslist-4.18.0.tgz",
			"integrity": "sha512-ER2M0g5iAR84fS/zjBDqEgU6iO5fS9JI2EkHr5zxDxYEFk3LjhU9Vpp/INb6RMQphxko7PDV1FH38H/qVP5yCA==",
			"dev": true,
			"requires": {
				"caniuse-lite": "^1.0.30001280",
				"electron-to-chromium": "^1.3.896",
				"escalade": "^3.1.1",
				"node-releases": "^2.0.1",
				"picocolors": "^1.0.0"
			}
		},
		"caniuse-lite": {
			"version": "1.0.30001280",
			"resolved": "https://registry.npmjs.org/caniuse-lite/-/caniuse-lite-1.0.30001280.tgz",
			"integrity": "sha512-kFXwYvHe5rix25uwueBxC569o53J6TpnGu0BEEn+6Lhl2vsnAumRFWEBhDft1fwyo6m1r4i+RqA4+163FpeFcA==",
			"dev": true
		},
		"chalk": {
			"version": "2.4.2",
			"resolved": "https://registry.npmjs.org/chalk/-/chalk-2.4.2.tgz",
			"integrity": "sha512-Mti+f9lpJNcwF4tWV8/OrTTtF1gZi+f8FqlyAdouralcFWFQWF2+NgCHShjkCb+IFBLq9buZwE1xckQU4peSuQ==",
			"dev": true,
			"requires": {
				"ansi-styles": "^3.2.1",
				"escape-string-regexp": "^1.0.5",
				"supports-color": "^5.3.0"
			}
		},
		"color-convert": {
			"version": "1.9.3",
			"resolved": "https://registry.npmjs.org/color-convert/-/color-convert-1.9.3.tgz",
			"integrity": "sha512-QfAUtd+vFdAtFQcC8CCyYt1fYWxSqAiK2cSD6zDB8N3cpsEBAvRxp9zOGg6G/SHHJYAT88/az/IuDGALsNVbGg==",
			"dev": true,
			"requires": {
				"color-name": "1.1.3"
			}
		},
		"color-name": {
			"version": "1.1.3",
			"resolved": "https://registry.npmjs.org/color-name/-/color-name-1.1.3.tgz",
			"integrity": "sha1-p9BVi9icQveV3UIyj3QIMcpTvCU=",
			"dev": true
		},
		"convert-source-map": {
			"version": "1.8.0",
			"resolved": "https://registry.npmjs.org/convert-source-map/-/convert-source-map-1.8.0.tgz",
			"integrity": "sha512-+OQdjP49zViI/6i7nIJpA8rAl4sV/JdPfU9nZs3VqOwGIgizICvuN2ru6fMd+4llL0tar18UYJXfZ/TWtmhUjA==",
			"dev": true,
			"requires": {
				"safe-buffer": "~5.1.1"
			}
		},
		"csstype": {
			"version": "3.0.10",
			"resolved": "https://registry.npmjs.org/csstype/-/csstype-3.0.10.tgz",
			"integrity": "sha512-2u44ZG2OcNUO9HDp/Jl8C07x6pU/eTR3ncV91SiK3dhG9TWvRVsCoJw14Ckx5DgWkzGA3waZWO3d7pgqpUI/XA==",
			"dev": true
		},
		"debug": {
			"version": "4.3.2",
			"resolved": "https://registry.npmjs.org/debug/-/debug-4.3.2.tgz",
			"integrity": "sha512-mOp8wKcvj7XxC78zLgw/ZA+6TSgkoE2C/ienthhRD298T7UNwAg9diBpLRxC0mOezLl4B0xV7M0cCO6P/O0Xhw==",
			"dev": true,
			"requires": {
				"ms": "2.1.2"
			}
		},
		"electron-to-chromium": {
			"version": "1.3.896",
			"resolved": "https://registry.npmjs.org/electron-to-chromium/-/electron-to-chromium-1.3.896.tgz",
			"integrity": "sha512-NcGkBVXePiuUrPLV8IxP43n1EOtdg+dudVjrfVEUd/bOqpQUFZ2diL5PPYzbgEhZFEltdXV3AcyKwGnEQ5lhMA==",
			"dev": true
		},
		"esbuild": {
			"version": "0.13.13",
			"resolved": "https://registry.npmjs.org/esbuild/-/esbuild-0.13.13.tgz",
			"integrity": "sha512-Z17A/R6D0b4s3MousytQ/5i7mTCbaF+Ua/yPfoe71vdTv4KBvVAvQ/6ytMngM2DwGJosl8WxaD75NOQl2QF26Q==",
			"dev": true,
			"requires": {
				"esbuild-android-arm64": "0.13.13",
				"esbuild-darwin-64": "0.13.13",
				"esbuild-darwin-arm64": "0.13.13",
				"esbuild-freebsd-64": "0.13.13",
				"esbuild-freebsd-arm64": "0.13.13",
				"esbuild-linux-32": "0.13.13",
				"esbuild-linux-64": "0.13.13",
				"esbuild-linux-arm": "0.13.13",
				"esbuild-linux-arm64": "0.13.13",
				"esbuild-linux-mips64le": "0.13.13",
				"esbuild-linux-ppc64le": "0.13.13",
				"esbuild-netbsd-64": "0.13.13",
				"esbuild-openbsd-64": "0.13.13",
				"esbuild-sunos-64": "0.13.13",
				"esbuild-windows-32": "0.13.13",
				"esbuild-windows-64": "0.13.13",
				"esbuild-windows-arm64": "0.13.13"
			}
		},
		"esbuild-android-arm64": {
			"version": "0.13.13",
			"resolved": "https://registry.npmjs.org/esbuild-android-arm64/-/esbuild-android-arm64-0.13.13.tgz",
			"integrity": "sha512-T02aneWWguJrF082jZworjU6vm8f4UQ+IH2K3HREtlqoY9voiJUwHLRL6khRlsNLzVglqgqb7a3HfGx7hAADCQ==",
			"dev": true,
			"optional": true
		},
		"esbuild-darwin-64": {
			"version": "0.13.13",
			"resolved": "https://registry.npmjs.org/esbuild-darwin-64/-/esbuild-darwin-64-0.13.13.tgz",
			"integrity": "sha512-wkaiGAsN/09X9kDlkxFfbbIgR78SNjMOfUhoel3CqKBDsi9uZhw7HBNHNxTzYUK8X8LAKFpbODgcRB3b/I8gHA==",
			"dev": true,
			"optional": true
		},
		"esbuild-darwin-arm64": {
			"version": "0.13.13",
			"resolved": "https://registry.npmjs.org/esbuild-darwin-arm64/-/esbuild-darwin-arm64-0.13.13.tgz",
			"integrity": "sha512-b02/nNKGSV85Gw9pUCI5B48AYjk0vFggDeom0S6QMP/cEDtjSh1WVfoIFNAaLA0MHWfue8KBwoGVsN7rBshs4g==",
			"dev": true,
			"optional": true
		},
		"esbuild-freebsd-64": {
			"version": "0.13.13",
			"resolved": "https://registry.npmjs.org/esbuild-freebsd-64/-/esbuild-freebsd-64-0.13.13.tgz",
			"integrity": "sha512-ALgXYNYDzk9YPVk80A+G4vz2D22Gv4j4y25exDBGgqTcwrVQP8rf/rjwUjHoh9apP76oLbUZTmUmvCMuTI1V9A==",
			"dev": true,
			"optional": true
		},
		"esbuild-freebsd-arm64": {
			"version": "0.13.13",
			"resolved": "https://registry.npmjs.org/esbuild-freebsd-arm64/-/esbuild-freebsd-arm64-0.13.13.tgz",
			"integrity": "sha512-uFvkCpsZ1yqWQuonw5T1WZ4j59xP/PCvtu6I4pbLejhNo4nwjW6YalqnBvBSORq5/Ifo9S/wsIlVHzkzEwdtlw==",
			"dev": true,
			"optional": true
		},
		"esbuild-linux-32": {
			"version": "0.13.13",
			"resolved": "https://registry.npmjs.org/esbuild-linux-32/-/esbuild-linux-32-0.13.13.tgz",
			"integrity": "sha512-yxR9BBwEPs9acVEwTrEE2JJNHYVuPQC9YGjRfbNqtyfK/vVBQYuw8JaeRFAvFs3pVJdQD0C2BNP4q9d62SCP4w==",
			"dev": true,
			"optional": true
		},
		"esbuild-linux-64": {
			"version": "0.13.13",
			"resolved": "https://registry.npmjs.org/esbuild-linux-64/-/esbuild-linux-64-0.13.13.tgz",
			"integrity": "sha512-kzhjlrlJ+6ESRB/n12WTGll94+y+HFeyoWsOrLo/Si0s0f+Vip4b8vlnG0GSiS6JTsWYAtGHReGczFOaETlKIw==",
			"dev": true,
			"optional": true
		},
		"esbuild-linux-arm": {
			"version": "0.13.13",
			"resolved": "https://registry.npmjs.org/esbuild-linux-arm/-/esbuild-linux-arm-0.13.13.tgz",
			"integrity": "sha512-hXub4pcEds+U1TfvLp1maJ+GHRw7oizvzbGRdUvVDwtITtjq8qpHV5Q5hWNNn6Q+b3b2UxF03JcgnpzCw96nUQ==",
			"dev": true,
			"optional": true
		},
		"esbuild-linux-arm64": {
			"version": "0.13.13",
			"resolved": "https://registry.npmjs.org/esbuild-linux-arm64/-/esbuild-linux-arm64-0.13.13.tgz",
			"integrity": "sha512-KMrEfnVbmmJxT3vfTnPv/AiXpBFbbyExH13BsUGy1HZRPFMi5Gev5gk8kJIZCQSRfNR17aqq8sO5Crm2KpZkng==",
			"dev": true,
			"optional": true
		},
		"esbuild-linux-mips64le": {
			"version": "0.13.13",
			"resolved": "https://registry.npmjs.org/esbuild-linux-mips64le/-/esbuild-linux-mips64le-0.13.13.tgz",
			"integrity": "sha512-cJT9O1LYljqnnqlHaS0hdG73t7hHzF3zcN0BPsjvBq+5Ad47VJun+/IG4inPhk8ta0aEDK6LdP+F9299xa483w==",
			"dev": true,
			"optional": true
		},
		"esbuild-linux-ppc64le": {
			"version": "0.13.13",
			"resolved": "https://registry.npmjs.org/esbuild-linux-ppc64le/-/esbuild-linux-ppc64le-0.13.13.tgz",
			"integrity": "sha512-+rghW8st6/7O6QJqAjVK3eXzKkZqYAw6LgHv7yTMiJ6ASnNvghSeOcIvXFep3W2oaJc35SgSPf21Ugh0o777qQ==",
			"dev": true,
			"optional": true
		},
		"esbuild-netbsd-64": {
			"version": "0.13.13",
			"resolved": "https://registry.npmjs.org/esbuild-netbsd-64/-/esbuild-netbsd-64-0.13.13.tgz",
			"integrity": "sha512-A/B7rwmzPdzF8c3mht5TukbnNwY5qMJqes09ou0RSzA5/jm7Jwl/8z853ofujTFOLhkNHUf002EAgokzSgEMpQ==",
			"dev": true,
			"optional": true
		},
		"esbuild-openbsd-64": {
			"version": "0.13.13",
			"resolved": "https://registry.npmjs.org/esbuild-openbsd-64/-/esbuild-openbsd-64-0.13.13.tgz",
			"integrity": "sha512-szwtuRA4rXKT3BbwoGpsff6G7nGxdKgUbW9LQo6nm0TVCCjDNDC/LXxT994duIW8Tyq04xZzzZSW7x7ttDiw1w==",
			"dev": true,
			"optional": true
		},
		"esbuild-sunos-64": {
			"version": "0.13.13",
			"resolved": "https://registry.npmjs.org/esbuild-sunos-64/-/esbuild-sunos-64-0.13.13.tgz",
			"integrity": "sha512-ihyds9O48tVOYF48iaHYUK/boU5zRaLOXFS+OOL3ceD39AyHo46HVmsJLc7A2ez0AxNZCxuhu+P9OxfPfycTYQ==",
			"dev": true,
			"optional": true
		},
		"esbuild-windows-32": {
			"version": "0.13.13",
			"resolved": "https://registry.npmjs.org/esbuild-windows-32/-/esbuild-windows-32-0.13.13.tgz",
			"integrity": "sha512-h2RTYwpG4ldGVJlbmORObmilzL8EECy8BFiF8trWE1ZPHLpECE9//J3Bi+W3eDUuv/TqUbiNpGrq4t/odbayUw==",
			"dev": true,
			"optional": true
		},
		"esbuild-windows-64": {
			"version": "0.13.13",
			"resolved": "https://registry.npmjs.org/esbuild-windows-64/-/esbuild-windows-64-0.13.13.tgz",
			"integrity": "sha512-oMrgjP4CjONvDHe7IZXHrMk3wX5Lof/IwFEIbwbhgbXGBaN2dke9PkViTiXC3zGJSGpMvATXVplEhlInJ0drHA==",
			"dev": true,
			"optional": true
		},
		"esbuild-windows-arm64": {
			"version": "0.13.13",
			"resolved": "https://registry.npmjs.org/esbuild-windows-arm64/-/esbuild-windows-arm64-0.13.13.tgz",
			"integrity": "sha512-6fsDfTuTvltYB5k+QPah/x7LrI2+OLAJLE3bWLDiZI6E8wXMQU+wLqtEO/U/RvJgVY1loPs5eMpUBpVajczh1A==",
			"dev": true,
			"optional": true
		},
		"escalade": {
			"version": "3.1.1",
			"resolved": "https://registry.npmjs.org/escalade/-/escalade-3.1.1.tgz",
			"integrity": "sha512-k0er2gUkLf8O0zKJiAhmkTnJlTvINGv7ygDNPbeIsX/TJjGJZHuh9B2UxbsaEkmlEo9MfhrSzmhIlhRlI2GXnw==",
			"dev": true
		},
		"escape-string-regexp": {
			"version": "1.0.5",
			"resolved": "https://registry.npmjs.org/escape-string-regexp/-/escape-string-regexp-1.0.5.tgz",
			"integrity": "sha1-G2HAViGQqN/2rjuyzwIAyhMLhtQ=",
			"dev": true
		},
		"estree-walker": {
			"version": "2.0.2",
			"resolved": "https://registry.npmjs.org/estree-walker/-/estree-walker-2.0.2.tgz",
			"integrity": "sha512-Rfkk/Mp/DL7JVje3u18FxFujQlTNR2q6QfMSMB7AvCBx91NGj/ba3kCfza0f6dVDbw7YlRf/nDrn7pQrCCyQ/w==",
			"dev": true
		},
		"fsevents": {
			"version": "2.3.2",
			"resolved": "https://registry.npmjs.org/fsevents/-/fsevents-2.3.2.tgz",
			"integrity": "sha512-xiqMQR4xAeHTuB9uWm+fFRcIOgKBMiOBP+eXiyT7jsgVCq1bkVygt00oASowB7EdtpOHaaPgKt812P9ab+DDKA==",
			"dev": true,
			"optional": true
		},
		"function-bind": {
			"version": "1.1.1",
			"resolved": "https://registry.npmjs.org/function-bind/-/function-bind-1.1.1.tgz",
			"integrity": "sha512-yIovAzMX49sF8Yl58fSCWJ5svSLuaibPxXQJFLmBObTuCr0Mf1KiPopGM9NiFjiYBCbfaa2Fh6breQ6ANVTI0A==",
			"dev": true
		},
		"gensync": {
			"version": "1.0.0-beta.2",
			"resolved": "https://registry.npmjs.org/gensync/-/gensync-1.0.0-beta.2.tgz",
			"integrity": "sha512-3hN7NaskYvMDLQY55gnW3NQ+mesEAepTqlg+VEbj7zzqEMBVNhzcGYYeqFo/TlYz6eQiFcp1HcsCZO+nGgS8zg==",
			"dev": true
		},
		"globals": {
			"version": "11.12.0",
			"resolved": "https://registry.npmjs.org/globals/-/globals-11.12.0.tgz",
			"integrity": "sha512-WOBp/EEGUiIsJSp7wcv/y6MO+lV9UoncWqxuFfm8eBwzWNgyfBd6Gz+IeKQ9jCmyhoH99g15M3T+QaVHFjizVA==",
			"dev": true
		},
		"has": {
			"version": "1.0.3",
			"resolved": "https://registry.npmjs.org/has/-/has-1.0.3.tgz",
			"integrity": "sha512-f2dvO0VU6Oej7RkWJGrehjbzMAjFp5/VKPp5tTpWIV4JHHZK1/BxbFRtf/siA2SWTe09caDmVtYYzWEIbBS4zw==",
			"dev": true,
			"requires": {
				"function-bind": "^1.1.1"
			}
		},
		"has-flag": {
			"version": "3.0.0",
			"resolved": "https://registry.npmjs.org/has-flag/-/has-flag-3.0.0.tgz",
			"integrity": "sha1-tdRU3CGZriJWmfNGfloH87lVuv0=",
			"dev": true
		},
		"is-core-module": {
			"version": "2.8.0",
			"resolved": "https://registry.npmjs.org/is-core-module/-/is-core-module-2.8.0.tgz",
			"integrity": "sha512-vd15qHsaqrRL7dtH6QNuy0ndJmRDrS9HAM1CAiSifNUFv4x1a0CCVsj18hJ1mShxIG6T2i1sO78MkP56r0nYRw==",
			"dev": true,
			"requires": {
				"has": "^1.0.3"
			}
		},
		"js-tokens": {
			"version": "4.0.0",
			"resolved": "https://registry.npmjs.org/js-tokens/-/js-tokens-4.0.0.tgz",
			"integrity": "sha512-RdJUflcE3cUzKiMqQgsCu06FPu9UdIJO0beYbPhHN4k6apgJtifcoCtT9bcxOpYBtpD2kCM6Sbzg4CausW/PKQ==",
			"dev": true
		},
		"jsesc": {
			"version": "2.5.2",
			"resolved": "https://registry.npmjs.org/jsesc/-/jsesc-2.5.2.tgz",
			"integrity": "sha512-OYu7XEzjkCQ3C5Ps3QIZsQfNpqoJyZZA99wd9aWd05NCtC5pWOkShK2mkL6HXQR6/Cy2lbNdPlZBpuQHXE63gA==",
			"dev": true
		},
		"json5": {
			"version": "2.2.0",
			"resolved": "https://registry.npmjs.org/json5/-/json5-2.2.0.tgz",
			"integrity": "sha512-f+8cldu7X/y7RAJurMEJmdoKXGB/X550w2Nr3tTbezL6RwEE/iMcm+tZnXeoZtKuOq6ft8+CqzEkrIgx1fPoQA==",
			"dev": true,
			"requires": {
				"minimist": "^1.2.5"
			}
		},
		"loose-envify": {
			"version": "1.4.0",
			"resolved": "https://registry.npmjs.org/loose-envify/-/loose-envify-1.4.0.tgz",
			"integrity": "sha512-lyuxPGr/Wfhrlem2CL/UcnUc1zcqKAImBDzukY7Y5F/yQiNdko6+fRLevlw1HgMySw7f611UIY408EtxRSoK3Q==",
			"dev": true,
			"requires": {
				"js-tokens": "^3.0.0 || ^4.0.0"
			}
		},
		"minimist": {
			"version": "1.2.5",
			"resolved": "https://registry.npmjs.org/minimist/-/minimist-1.2.5.tgz",
			"integrity": "sha512-FM9nNUYrRBAELZQT3xeZQ7fmMOBg6nWNmJKTcgsJeaLstP/UODVpGsr5OhXhhXg6f+qtJ8uiZ+PUxkDWcgIXLw==",
			"dev": true
		},
		"monaco-editor": {
			"version": "0.31.0",
			"resolved": "https://registry.npmjs.org/monaco-editor/-/monaco-editor-0.31.0.tgz",
			"integrity": "sha512-H3QmysEwxxY8oxmFhIFcY9JkuwilUDa6txdAxb797cVr7XFZX27a3SDwcGJmTlV9iGPwdh132r3KKCS5aNL4Gg==",
			"dev": true
		},
		"ms": {
			"version": "2.1.2",
			"resolved": "https://registry.npmjs.org/ms/-/ms-2.1.2.tgz",
			"integrity": "sha512-sGkPx+VjMtmA6MX27oA4FBFELFCZZ4S4XqeGOXCv68tT+jb3vk/RyaKWP0PTKyWtmLSM0b+adUTEvbs1PEaH2w==",
			"dev": true
		},
		"nanoid": {
			"version": "3.1.30",
			"resolved": "https://registry.npmjs.org/nanoid/-/nanoid-3.1.30.tgz",
			"integrity": "sha512-zJpuPDwOv8D2zq2WRoMe1HsfZthVewpel9CAvTfc/2mBD1uUT/agc5f7GHGWXlYkFvi1mVxe4IjvP2HNrop7nQ==",
			"dev": true
		},
		"node-releases": {
			"version": "2.0.1",
			"resolved": "https://registry.npmjs.org/node-releases/-/node-releases-2.0.1.tgz",
			"integrity": "sha512-CqyzN6z7Q6aMeF/ktcMVTzhAHCEpf8SOarwpzpf8pNBY2k5/oM34UHldUwp8VKI7uxct2HxSRdJjBaZeESzcxA==",
			"dev": true
		},
		"object-assign": {
			"version": "4.1.1",
			"resolved": "https://registry.npmjs.org/object-assign/-/object-assign-4.1.1.tgz",
			"integrity": "sha1-IQmtx5ZYh8/AXLvUQsrIv7s2CGM=",
			"dev": true
		},
		"path-parse": {
			"version": "1.0.7",
			"resolved": "https://registry.npmjs.org/path-parse/-/path-parse-1.0.7.tgz",
			"integrity": "sha512-LDJzPVEEEPR+y48z93A0Ed0yXb8pAByGWo/k5YYdYgpY2/2EsOsksJrq7lOHxryrVOn1ejG6oAp8ahvOIQD8sw==",
			"dev": true
		},
		"picocolors": {
			"version": "1.0.0",
			"resolved": "https://registry.npmjs.org/picocolors/-/picocolors-1.0.0.tgz",
			"integrity": "sha512-1fygroTLlHu66zi26VoTDv8yRgm0Fccecssto+MhsZ0D/DGW2sm8E8AjW7NU5VVTRt5GxbeZ5qBuJr+HyLYkjQ==",
			"dev": true
		},
		"picomatch": {
			"version": "2.3.0",
			"resolved": "https://registry.npmjs.org/picomatch/-/picomatch-2.3.0.tgz",
			"integrity": "sha512-lY1Q/PiJGC2zOv/z391WOTD+Z02bCgsFfvxoXXf6h7kv9o+WmsmzYqrAwY63sNgOxE4xEdq0WyUnXfKeBrSvYw==",
			"dev": true
		},
		"postcss": {
			"version": "8.3.11",
			"resolved": "https://registry.npmjs.org/postcss/-/postcss-8.3.11.tgz",
			"integrity": "sha512-hCmlUAIlUiav8Xdqw3Io4LcpA1DOt7h3LSTAC4G6JGHFFaWzI6qvFt9oilvl8BmkbBRX1IhM90ZAmpk68zccQA==",
			"dev": true,
			"requires": {
				"nanoid": "^3.1.30",
				"picocolors": "^1.0.0",
				"source-map-js": "^0.6.2"
			}
		},
		"react": {
			"version": "17.0.2",
			"resolved": "https://registry.npmjs.org/react/-/react-17.0.2.tgz",
			"integrity": "sha512-gnhPt75i/dq/z3/6q/0asP78D0u592D5L1pd7M8P+dck6Fu/jJeL6iVVK23fptSUZj8Vjf++7wXA8UNclGQcbA==",
			"dev": true,
			"requires": {
				"loose-envify": "^1.1.0",
				"object-assign": "^4.1.1"
			}
		},
		"react-dom": {
			"version": "17.0.2",
			"resolved": "https://registry.npmjs.org/react-dom/-/react-dom-17.0.2.tgz",
			"integrity": "sha512-s4h96KtLDUQlsENhMn1ar8t2bEa+q/YAtj8pPPdIjPDGBDIVNsrD9aXNWqspUe6AzKCIG0C1HZZLqLV7qpOBGA==",
			"dev": true,
			"requires": {
				"loose-envify": "^1.1.0",
				"object-assign": "^4.1.1",
				"scheduler": "^0.20.2"
			}
		},
		"react-refresh": {
			"version": "0.10.0",
			"resolved": "https://registry.npmjs.org/react-refresh/-/react-refresh-0.10.0.tgz",
			"integrity": "sha512-PgidR3wST3dDYKr6b4pJoqQFpPGNKDSCDx4cZoshjXipw3LzO7mG1My2pwEzz2JVkF+inx3xRpDeQLFQGH/hsQ==",
			"dev": true
		},
		"resolve": {
			"version": "1.20.0",
			"resolved": "https://registry.npmjs.org/resolve/-/resolve-1.20.0.tgz",
			"integrity": "sha512-wENBPt4ySzg4ybFQW2TT1zMQucPK95HSh/nq2CFTZVOGut2+pQvSsgtda4d26YrYcr067wjbmzOG8byDPBX63A==",
			"dev": true,
			"requires": {
				"is-core-module": "^2.2.0",
				"path-parse": "^1.0.6"
			}
		},
		"rollup": {
			"version": "2.60.0",
			"resolved": "https://registry.npmjs.org/rollup/-/rollup-2.60.0.tgz",
			"integrity": "sha512-cHdv9GWd58v58rdseC8e8XIaPUo8a9cgZpnCMMDGZFDZKEODOiPPEQFXLriWr/TjXzhPPmG5bkAztPsOARIcGQ==",
			"dev": true,
			"requires": {
				"fsevents": "~2.3.2"
			}
		},
		"safe-buffer": {
			"version": "5.1.2",
			"resolved": "https://registry.npmjs.org/safe-buffer/-/safe-buffer-5.1.2.tgz",
			"integrity": "sha512-Gd2UZBJDkXlY7GbJxfsE8/nvKkUEU1G38c1siN6QP6a9PT9MmHB8GnpscSmMJSoF8LOIrt8ud/wPtojys4G6+g==",
			"dev": true
		},
		"scheduler": {
			"version": "0.20.2",
			"resolved": "https://registry.npmjs.org/scheduler/-/scheduler-0.20.2.tgz",
			"integrity": "sha512-2eWfGgAqqWFGqtdMmcL5zCMK1U8KlXv8SQFGglL3CEtd0aDVDWgeF/YoCmvln55m5zSk3J/20hTaSBeSObsQDQ==",
			"dev": true,
			"requires": {
				"loose-envify": "^1.1.0",
				"object-assign": "^4.1.1"
			}
		},
		"semver": {
			"version": "6.3.0",
			"resolved": "https://registry.npmjs.org/semver/-/semver-6.3.0.tgz",
			"integrity": "sha512-b39TBaTSfV6yBrapU89p5fKekE2m/NwnDocOVruQFS1/veMgdzuPcnOM34M6CwxW8jH/lxEa5rBoDeUwu5HHTw==",
			"dev": true
		},
		"source-map": {
			"version": "0.5.7",
			"resolved": "https://registry.npmjs.org/source-map/-/source-map-0.5.7.tgz",
			"integrity": "sha1-igOdLRAh0i0eoUyA2OpGi6LvP8w=",
			"dev": true
		},
		"source-map-js": {
			"version": "0.6.2",
			"resolved": "https://registry.npmjs.org/source-map-js/-/source-map-js-0.6.2.tgz",
			"integrity": "sha512-/3GptzWzu0+0MBQFrDKzw/DvvMTUORvgY6k6jd/VS6iCR4RDTKWH6v6WPwQoUO8667uQEf9Oe38DxAYWY5F/Ug==",
			"dev": true
		},
		"supports-color": {
			"version": "5.5.0",
			"resolved": "https://registry.npmjs.org/supports-color/-/supports-color-5.5.0.tgz",
			"integrity": "sha512-QjVjwdXIt408MIiAqCX4oUKsgU2EqAGzs2Ppkm4aQYbjm+ZEWEcW4SfFNTr4uMNZma0ey4f5lgLrkB0aX0QMow==",
			"dev": true,
			"requires": {
				"has-flag": "^3.0.0"
			}
		},
		"to-fast-properties": {
			"version": "2.0.0",
			"resolved": "https://registry.npmjs.org/to-fast-properties/-/to-fast-properties-2.0.0.tgz",
			"integrity": "sha1-3F5pjL0HkmW8c+A3doGk5Og/YW4=",
			"dev": true
		},
		"typescript": {
			"version": "4.4.4",
			"resolved": "https://registry.npmjs.org/typescript/-/typescript-4.4.4.tgz",
			"integrity": "sha512-DqGhF5IKoBl8WNf8C1gu8q0xZSInh9j1kJJMqT3a94w1JzVaBU4EXOSMrz9yDqMT0xt3selp83fuFMQ0uzv6qA==",
			"dev": true
		},
		"vite": {
			"version": "2.6.14",
			"resolved": "https://registry.npmjs.org/vite/-/vite-2.6.14.tgz",
			"integrity": "sha512-2HA9xGyi+EhY2MXo0+A2dRsqsAG3eFNEVIo12olkWhOmc8LfiM+eMdrXf+Ruje9gdXgvSqjLI9freec1RUM5EA==",
			"dev": true,
			"requires": {
				"esbuild": "^0.13.2",
				"fsevents": "~2.3.2",
				"postcss": "^8.3.8",
				"resolve": "^1.20.0",
				"rollup": "^2.57.0"
			}
		}
	}
}
